
Microsoft Visual Studio Solution File, Format Version 12.00
# Visual Studio Version 16
VisualStudioVersion = 16.0.29424.173
MinimumVisualStudioVersion = 10.0.40219.1
Project("{8BC9CEB8-8B4A-11D0-8D11-00A0C91BC942}") = "r6-unlockall", "r6-unlockall\r6-unlockall.vcxproj", "{24DD44DA-47AE-45F6-A016-19ECE25FDD78}"
EndProject
Global
	GlobalSection(SolutionConfigurationPlatforms) = preSolution
		Debug|x64 = Debug|x64
		Debug|x86 = Debug|x86
		Release|x64 = Release|x64
		Release|x86 = Release|x86
	EndGlobalSection
	GlobalSection(ProjectConfigurationPlatforms) = postSolution
		{24DD44DA-47AE-45F6-A016-19ECE25FDD78}.Debug|x64.ActiveCfg = Debug|x64
		{24DD44DA-47AE-45F6-A016-19ECE25FDD78}.Debug|x64.Build.0 = Debug|x64
		{24DD44DA-47AE-45F6-A016-19ECE25FDD78}.Debug|x86.ActiveCfg = Debug|Win32
		{24DD44DA-47AE-45F6-A016-19ECE25FDD78}.Debug|x86.Build.0 = Debug|Win32
		{24DD44DA-47AE-45F6-A016-19ECE25FDD78}.Release|x64.ActiveCfg = Release|x64
		{24DD44DA-47AE-45F6-A016-19ECE25FDD78}.Release|x64.Build.0 = Release|x64
		{24DD44DA-47AE-45F6-A016-19ECE25FDD78}.Release|x86.ActiveCfg = Release|Win32
		{24DD44DA-47AE-45F6-A016-19ECE25FDD78}.Release|x86.Build.0 = Release|Win32
	EndGlobalSection
	GlobalSection(SolutionProperties) = preSolution
		HideSolutionNode = FALSE
	EndGlobalSection
	GlobalSection(ExtensibilityGlobals) = postSolution
		SolutionGuid = {CD58311C-F3E9-4221-B35E-FECA19A9E98A}
	EndGlobalSection
EndGlobal
